
Microsoft Visual Studio Solution File, Format Version 12.00
# Visual Studio 15
VisualStudioVersion = 15.0.28307.1169
MinimumVisualStudioVersion = 10.0.40219.1
Project("{FAE04EC0-301F-11D3-BF4B-00C04F79EFBC}") = "Angular2Demo", "Angular2Demo\Angular2Demo.csproj", "{19AF3960-F36E-4C31-A645-595AA8554F34}"
EndProject
Global
	GlobalSection(SolutionConfigurationPlatforms) = preSolution
		Debug|Any CPU = Debug|Any CPU
		Release|Any CPU = Release|Any CPU
	EndGlobalSection
	GlobalSection(ProjectConfigurationPlatforms) = postSolution
		{19AF3960-F36E-4C31-A645-595AA8554F34}.Debug|Any CPU.ActiveCfg = Debug|Any CPU
		{19AF3960-F36E-4C31-A645-595AA8554F34}.Debug|Any CPU.Build.0 = Debug|Any CPU
		{19AF3960-F36E-4C31-A645-595AA8554F34}.Release|Any CPU.ActiveCfg = Release|Any CPU
		{19AF3960-F36E-4C31-A645-595AA8554F34}.Release|Any CPU.Build.0 = Release|Any CPU
	EndGlobalSection
	GlobalSection(SolutionProperties) = preSolution
		HideSolutionNode = FALSE
	EndGlobalSection
	GlobalSection(ExtensibilityGlobals) = postSolution
		SolutionGuid = {5FEDE56A-2C92-4AA3-BEA1-ED6DD81AA191}
	EndGlobalSection
EndGlobal
